{
  "nodes": {
    "nixpkgs": {
      "locked": {
        "lastModified": 1713596654,
        "narHash": "sha256-LJbHQQ5aX1LVth2ST+Kkse/DRzgxlVhTL1rxthvyhZc=",
        "path": "/nix/store/fszphhr0kc59brk510m3a579vjbjdy2s-source",
        "rev": "fd16bb6d3bcca96039b11aa52038fafeb6e4f4be",
        "type": "path"
      },
      "original": {
        "id": "nixpkgs",
        "type": "indirect"
      }
    },
    "root": {
      "inputs": {
        "nixpkgs": "nixpkgs"
      }
    }
  },
  "root": "root",
  "version": 7
}
